github.com/felixge/httpsnoop v1.0.1 h1:lvB5Jl89CsZtGIWuTcDM1E/vkVs49/Ml7JJe07l8SPQ=
github.com/felixge/httpsnoop v1.0.1/go.mod h1:m8KPJKqk1gH5J9DgRY2ASl2lWCfGKXixSwevea8zH2U=
github.com/go-sql-driver/mysql v1.5.0 h1:ozyZYNQW3x3HtqT1jira07DN2PArx2v7/mN66gGcHOs=
github.com/go-sql-driver/mysql v1.5.0/go.mod h1:DCzpHaOWr8IXmIStZouvnhqoel9Qv2LBy8hT2VhHyBg=
github.com/gorilla/handlers v1.5.1 h1:9lRY6j8DEeeBT10CvO9hGW0gmky0BprnvDI5vfhUHH4=
github.com/gorilla/handlers v1.5.1/go.mod h1:t8XrUpc4KVXb7HGyJ4/cEnwQiaxrX/hz1Zv/4g96P1Q=
github.com/gorilla/mux v1.8.0 h1:i40aqfkR1h2SlN9hojwV5ZA91wcXFOvkdNIeFDP5koI=
github.com/gorilla/mux v1.8.0/go.mod h1:DVbg23sWSpFRCP0SfiEN6jmj59UnW/n46BH5rLB71So=
github.com/jmoiron/sqlx v1.3.4 h1:wv+0IJZfL5z0uZoUjlpKgHkgaFSYD+r9CfrXjEXsO7w=
github.com/jmoiron/sqlx v1.3.4/go.mod h1:2BljVx/86SuTyjE+aPYlHCTNvZrnJXghYGpNiXLBMCQ=
github.com/klauspost/cpuid/v2 v2.0.6/go.mod h1:FInQzS24/EEf25PyTYn52gqo7WaD8xa0213Md/qVLRg=
github.com/klauspost/cpuid/v2 v2.0.9 h1:lgaqFMSdTdQYdZ04uHyN2d/eKdOMyi2YLSvlQIBFYa4=
github.com/klauspost/cpuid/v2 v2.0.9/go.mod h1:FInQzS24/EEf25PyTYn52gqo7WaD8xa0213Md/qVLRg=
github.com/lib/pq v1.2.0 h1:LXpIM/LZ5xGFhOpXAQUIMM1HdyqzVYM13zNdjCEEcA0=
github.com/lib/pq v1.2.0/go.mod h1:5WUZQaWbwv1U+lTReE5YruASi9Al49XbQIvNi/34Woo=
github.com/matryer/is v1.4.0 h1:sosSmIWwkYITGrxZ25ULNDeKiMNzFSr4V/eqBQP0PeE=
github.com/matryer/is v1.4.0/go.mod h1:8I/i5uYgLzgsgEloJE1U6xx5HkBQpAZvepWuujKwMRU=
github.com/mattn/go-sqlite3 v1.14.6/go.mod h1:NyWgC/yNuGj7Q9rpYnZvas74GogHl5/Z4A/KQRfk6bU=
github.com/mattn/go-sqlite3 v1.14.8/go.mod h1:NyWgC/yNuGj7Q9rpYnZvas74GogHl5/Z4A/KQRfk6bU=
github.com/mattn/go-sqlite3 v1.14.9 h1:10HX2Td0ocZpYEjhilsuo6WWtUqttj2Kb0KtD86/KYA=
github.com/mattn/go-sqlite3 v1.14.9/go.mod h1:NyWgC/yNuGj7Q9rpYnZvas74GogHl5/Z4A/KQRfk6bU=
github.com/miku/labe/tools/spindel v0.0.0-20211111120113-fa9a957a77c3 h1:cHzkju7EVAPoIN7EksnxBXBBD1vUHy8Ffu8EYfdGMVY=
github.com/miku/labe/tools/spindel v0.0.0-20211111120113-fa9a957a77c3/go.mod h1:U96Buf5HwNWqz3R52YB2+7ijG04mBi54+5BckTWHR74=
github.com/miku/parallel v0.0.0-20210205192328-1a799ab70294 h1:cBuGVVGw8u1EyRPb+ijf9g/ffT+FSdFCX4fuZnjmOZc=
github.com/miku/parallel v0.0.0-20210205192328-1a799ab70294/go.mod h1:xw37BJ8SoJr6SGn1Y2AJBsc3EsOU+EuXAuRj5VB1+RI=
github.com/patrickmn/go-cache v2.1.0+incompatible h1:HRMgzkcYKYpi3C8ajMPV8OFXaaRUnok+kx1WdO15EQc=
github.com/patrickmn/go-cache v2.1.0+incompatible/go.mod h1:3Qf8kWWT7OJRJbdiICTKqZju1ZixQ/KpMGzzAfe6+WQ=
github.com/segmentio/asm v1.0.1/go.mod h1:4EUJGaKsB8ImLUwOGORVsNd9vTRDeh44JGsY4aKp5I4=
github.com/segmentio/asm v1.1.0 h1:fkVr8k5J4sKoFjTGVD6r1yKvDKqmvrEh3K7iyVxgBs8=
github.com/segmentio/asm v1.1.0/go.mod h1:4EUJGaKsB8ImLUwOGORVsNd9vTRDeh44JGsY4aKp5I4=
github.com/segmentio/encoding v0.2.21/go.mod h1:kF1db1oBuYxMvLR3RXrZJchRdBKrS+1J/hL63p5hekI=
github.com/segmentio/encoding v0.3.0 h1:kv9Y9vWgmG/3N/ENT4FxLKmmG5kaAcV2auRjhEus494=
github.com/segmentio/encoding v0.3.0/go.mod h1:waft2p6XI4z2pk07M0YzZV4wEiqaRvsBSyWNHxVx4gU=
